// !$*UTF8*$!
{
	archiveVersion = 1;
	classes = {
	};
	objectVersion = 52;
	objects = {

/* Begin PBXBuildFile section */
		2305663F2983B5500065403D /* Validation.swift in Sources */ = {isa = PBXBuildFile; fileRef = 2305663E2983B5500065403D /* Validation.swift */; };
		2398E4292A05FD89001DBAD7 /* InventoryView.swift in Sources */ = {isa = PBXBuildFile; fileRef = 2398E4282A05FD89001DBAD7 /* InventoryView.swift */; };
		23A8DF3728C6934F00F59941 /* Launch Screen.storyboard in Resources */ = {isa = PBXBuildFile; fileRef = 23A8DF3628C6934F00F59941 /* Launch Screen.storyboard */; };
		23AA085228C5293200B1BD99 /* LogInVC.swift in Sources */ = {isa = PBXBuildFile; fileRef = 23AA085128C5293100B1BD99 /* LogInVC.swift */; };
		23AA085428C5294600B1BD99 /* LocationVC.swift in Sources */ = {isa = PBXBuildFile; fileRef = 23AA085328C5294600B1BD99 /* LocationVC.swift */; };
		23AA085628C5295900B1BD99 /* RegisterVC.swift in Sources */ = {isa = PBXBuildFile; fileRef = 23AA085528C5295900B1BD99 /* RegisterVC.swift */; };
		23AA085828C5297200B1BD99 /* AccountVC.swift in Sources */ = {isa = PBXBuildFile; fileRef = 23AA085728C5297200B1BD99 /* AccountVC.swift */; };
		23AA085A28C5298200B1BD99 /* HomeVC.swift in Sources */ = {isa = PBXBuildFile; fileRef = 23AA085928C5298200B1BD99 /* HomeVC.swift */; };
		23AA085C28C529A300B1BD99 /* Main.storyboard in Resources */ = {isa = PBXBuildFile; fileRef = 23AA085B28C529A300B1BD99 /* Main.storyboard */; };
		23AA085E28C529CB00B1BD99 /* Alert.swift in Sources */ = {isa = PBXBuildFile; fileRef = 23AA085D28C529CB00B1BD99 /* Alert.swift */; };
		23E0F5032975A45B008E2CA2 /* LoadingView.swift in Sources */ = {isa = PBXBuildFile; fileRef = 23E0F5022975A45B008E2CA2 /* LoadingView.swift */; };
		23E0F5052975A4DF008E2CA2 /* Constants.swift in Sources */ = {isa = PBXBuildFile; fileRef = 23E0F5042975A4DF008E2CA2 /* Constants.swift */; };
		290972BE28BBC73F0004B925 /* AppDelegate.swift in Sources */ = {isa = PBXBuildFile; fileRef = 290972BD28BBC73F0004B925 /* AppDelegate.swift */; };
		290972C028BBC73F0004B925 /* SceneDelegate.swift in Sources */ = {isa = PBXBuildFile; fileRef = 290972BF28BBC73F0004B925 /* SceneDelegate.swift */; };
		290972C228BBC73F0004B925 /* ViewController.swift in Sources */ = {isa = PBXBuildFile; fileRef = 290972C128BBC73F0004B925 /* ViewController.swift */; };
		290972C728BBC7400004B925 /* Assets.xcassets in Resources */ = {isa = PBXBuildFile; fileRef = 290972C628BBC7400004B925 /* Assets.xcassets */; };
		2911E0CB2B2ACDE80033CC2E /* scannerVC.swift in Sources */ = {isa = PBXBuildFile; fileRef = 2911E0CA2B2ACDE80033CC2E /* scannerVC.swift */; };
		2911E0CD2B2ECEF10033CC2E /* APIDevice.swift in Sources */ = {isa = PBXBuildFile; fileRef = 2911E0CC2B2ECEF10033CC2E /* APIDevice.swift */; };
		2911E0CF2B2ECFD70033CC2E /* DeviceManagerAPI.swift in Sources */ = {isa = PBXBuildFile; fileRef = 2911E0CE2B2ECFD70033CC2E /* DeviceManagerAPI.swift */; };
		2911E0D52B2EF9CD0033CC2E /* InventoryViewModel.swift in Sources */ = {isa = PBXBuildFile; fileRef = 2911E0D42B2EF9CD0033CC2E /* InventoryViewModel.swift */; };
		2911E0D72B3271B40033CC2E /* CoreDataManager.swift in Sources */ = {isa = PBXBuildFile; fileRef = 2911E0D62B3271B40033CC2E /* CoreDataManager.swift */; };
		2913356E2A228F2800A1646A /* UsersVC.swift in Sources */ = {isa = PBXBuildFile; fileRef = 2913356D2A228F2800A1646A /* UsersVC.swift */; };
		295142262A21B2F5008DC91D /* AddNewAssetVC.swift in Sources */ = {isa = PBXBuildFile; fileRef = 295142252A21B2F5008DC91D /* AddNewAssetVC.swift */; };
		295142292A21B3F4008DC91D /* deviceTableViewCell.swift in Sources */ = {isa = PBXBuildFile; fileRef = 295142272A21B3F4008DC91D /* deviceTableViewCell.swift */; };
		2951422A2A21B3F4008DC91D /* deviceTableViewCell.xib in Resources */ = {isa = PBXBuildFile; fileRef = 295142282A21B3F4008DC91D /* deviceTableViewCell.xib */; };
		2951422C2A21C822008DC91D /* reviewAssetDataVC.swift in Sources */ = {isa = PBXBuildFile; fileRef = 2951422B2A21C822008DC91D /* reviewAssetDataVC.swift */; };
		2966172A2A17B1FD0042D2F9 /* InventoryTableViewCell.swift in Sources */ = {isa = PBXBuildFile; fileRef = 296617282A17B1FD0042D2F9 /* InventoryTableViewCell.swift */; };
		2966172B2A17B1FD0042D2F9 /* InventoryTableViewCell.xib in Resources */ = {isa = PBXBuildFile; fileRef = 296617292A17B1FD0042D2F9 /* InventoryTableViewCell.xib */; };
		296617312A17E37D0042D2F9 /* DataModel.xcdatamodeld in Sources */ = {isa = PBXBuildFile; fileRef = 2966172F2A17E37D0042D2F9 /* DataModel.xcdatamodeld */; };
		296617332A17FECF0042D2F9 /* AddNewDeviceVC.swift in Sources */ = {isa = PBXBuildFile; fileRef = 296617322A17FECF0042D2F9 /* AddNewDeviceVC.swift */; };
		296867DE28BD6FDD00ECA8FB /* HelpWebVC.swift in Sources */ = {isa = PBXBuildFile; fileRef = 296867DD28BD6FDD00ECA8FB /* HelpWebVC.swift */; };
		296867E128EE970100ECA8FB /* FirebaseAuth in Frameworks */ = {isa = PBXBuildFile; productRef = 296867E028EE970100ECA8FB /* FirebaseAuth */; };
		2982BB5B28BBE5C0003CF948 /* GoogleService-Info.plist in Resources */ = {isa = PBXBuildFile; fileRef = 2982BB5A28BBE5C0003CF948 /* GoogleService-Info.plist */; };
		298F6EC32A217DA0006965C4 /* InHouseInventoryVC.swift in Sources */ = {isa = PBXBuildFile; fileRef = 298F6EC22A217DA0006965C4 /* InHouseInventoryVC.swift */; };
		298F6EC62A217DD3006965C4 /* inHouseInventoryTableViewCell.swift in Sources */ = {isa = PBXBuildFile; fileRef = 298F6EC42A217DD3006965C4 /* inHouseInventoryTableViewCell.swift */; };
		298F6EC72A217DD3006965C4 /* inHouseInventoryTableViewCell.xib in Resources */ = {isa = PBXBuildFile; fileRef = 298F6EC52A217DD3006965C4 /* inHouseInventoryTableViewCell.xib */; };
		299D94772A1D38C300C50149 /* DeviceDetailsVC.swift in Sources */ = {isa = PBXBuildFile; fileRef = 299D94762A1D38C300C50149 /* DeviceDetailsVC.swift */; };
		299D947A2A21527700C50149 /* HomeMenuVC.swift in Sources */ = {isa = PBXBuildFile; fileRef = 299D94792A21527700C50149 /* HomeMenuVC.swift */; };
		299D947D2A21538500C50149 /* MenuCollectionViewCell.swift in Sources */ = {isa = PBXBuildFile; fileRef = 299D947B2A21538500C50149 /* MenuCollectionViewCell.swift */; };
		299D947E2A21538500C50149 /* MenuCollectionViewCell.xib in Resources */ = {isa = PBXBuildFile; fileRef = 299D947C2A21538500C50149 /* MenuCollectionViewCell.xib */; };
		29BAC4E82A228B36004369F1 /* usersTableViewCell.swift in Sources */ = {isa = PBXBuildFile; fileRef = 29BAC4E62A228B36004369F1 /* usersTableViewCell.swift */; };
		29BAC4E92A228B36004369F1 /* usersTableViewCell.xib in Resources */ = {isa = PBXBuildFile; fileRef = 29BAC4E72A228B36004369F1 /* usersTableViewCell.xib */; };
		29F8FA682BEA756D00E15D12 /* AssetList.swift in Sources */ = {isa = PBXBuildFile; fileRef = 29F8FA672BEA756D00E15D12 /* AssetList.swift */; };
		29F8FA6A2BEA7A7A00E15D12 /* AssetVC.swift in Sources */ = {isa = PBXBuildFile; fileRef = 29F8FA692BEA7A7A00E15D12 /* AssetVC.swift */; };
		29F8FA6C2BEB5EAA00E15D12 /* TicketViewModel.swift in Sources */ = {isa = PBXBuildFile; fileRef = 29F8FA6B2BEB5EAA00E15D12 /* TicketViewModel.swift */; };
		29F8FA6E2BEB653100E15D12 /* AssetViewModel.swift in Sources */ = {isa = PBXBuildFile; fileRef = 29F8FA6D2BEB653100E15D12 /* AssetViewModel.swift */; };
		C64BBDBF2BE5B68100D2DBAF /* AssetCoreDataManager.swift in Sources */ = {isa = PBXBuildFile; fileRef = C64BBDBE2BE5B68100D2DBAF /* AssetCoreDataManager.swift */; };
		C64BBDC12BE5B70300D2DBAF /* APIAsset.swift in Sources */ = {isa = PBXBuildFile; fileRef = C64BBDC02BE5B70300D2DBAF /* APIAsset.swift */; };
		C64BBDC32BE5FD3A00D2DBAF /* MyEnums.swift in Sources */ = {isa = PBXBuildFile; fileRef = C64BBDC22BE5FD3900D2DBAF /* MyEnums.swift */; };
		C64BBDC52BE5FD8000D2DBAF /* AssetManagerAPI.swift in Sources */ = {isa = PBXBuildFile; fileRef = C64BBDC42BE5FD8000D2DBAF /* AssetManagerAPI.swift */; };
		C64BBDC72BE68AE100D2DBAF /* AssetRow.swift in Sources */ = {isa = PBXBuildFile; fileRef = C64BBDC62BE68AE100D2DBAF /* AssetRow.swift */; };
		C64BBDC92BE6F4AD00D2DBAF /* AssetData.json in Resources */ = {isa = PBXBuildFile; fileRef = C64BBDC82BE6F4AD00D2DBAF /* AssetData.json */; };
		C64BBDCC2BE6F55200D2DBAF /* ReadFromFileManager.swift in Sources */ = {isa = PBXBuildFile; fileRef = C64BBDCB2BE6F55200D2DBAF /* ReadFromFileManager.swift */; };
/* End PBXBuildFile section */

/* Begin PBXFileReference section */
		2305663E2983B5500065403D /* Validation.swift */ = {isa = PBXFileReference; lastKnownFileType = sourcecode.swift; path = Validation.swift; sourceTree = "<group>"; };
		2398E4282A05FD89001DBAD7 /* InventoryView.swift */ = {isa = PBXFileReference; lastKnownFileType = sourcecode.swift; path = InventoryView.swift; sourceTree = "<group>"; };
		23A8DF3628C6934F00F59941 /* Launch Screen.storyboard */ = {isa = PBXFileReference; lastKnownFileType = file.storyboard; path = "Launch Screen.storyboard"; sourceTree = "<group>"; };
		23AA085128C5293100B1BD99 /* LogInVC.swift */ = {isa = PBXFileReference; lastKnownFileType = sourcecode.swift; path = LogInVC.swift; sourceTree = "<group>"; };
		23AA085328C5294600B1BD99 /* LocationVC.swift */ = {isa = PBXFileReference; lastKnownFileType = sourcecode.swift; path = LocationVC.swift; sourceTree = "<group>"; };
		23AA085528C5295900B1BD99 /* RegisterVC.swift */ = {isa = PBXFileReference; lastKnownFileType = sourcecode.swift; path = RegisterVC.swift; sourceTree = "<group>"; };
		23AA085728C5297200B1BD99 /* AccountVC.swift */ = {isa = PBXFileReference; lastKnownFileType = sourcecode.swift; path = AccountVC.swift; sourceTree = "<group>"; };
		23AA085928C5298200B1BD99 /* HomeVC.swift */ = {isa = PBXFileReference; lastKnownFileType = sourcecode.swift; path = HomeVC.swift; sourceTree = "<group>"; };
		23AA085B28C529A300B1BD99 /* Main.storyboard */ = {isa = PBXFileReference; lastKnownFileType = file.storyboard; path = Main.storyboard; sourceTree = "<group>"; };
		23AA085D28C529CB00B1BD99 /* Alert.swift */ = {isa = PBXFileReference; lastKnownFileType = sourcecode.swift; path = Alert.swift; sourceTree = "<group>"; };
		23E0F5022975A45B008E2CA2 /* LoadingView.swift */ = {isa = PBXFileReference; lastKnownFileType = sourcecode.swift; path = LoadingView.swift; sourceTree = "<group>"; };
		23E0F5042975A4DF008E2CA2 /* Constants.swift */ = {isa = PBXFileReference; lastKnownFileType = sourcecode.swift; path = Constants.swift; sourceTree = "<group>"; };
		290972BA28BBC73F0004B925 /* Determit.app */ = {isa = PBXFileReference; explicitFileType = wrapper.application; includeInIndex = 0; path = Determit.app; sourceTree = BUILT_PRODUCTS_DIR; };
		290972BD28BBC73F0004B925 /* AppDelegate.swift */ = {isa = PBXFileReference; lastKnownFileType = sourcecode.swift; path = AppDelegate.swift; sourceTree = "<group>"; };
		290972BF28BBC73F0004B925 /* SceneDelegate.swift */ = {isa = PBXFileReference; lastKnownFileType = sourcecode.swift; path = SceneDelegate.swift; sourceTree = "<group>"; };
		290972C128BBC73F0004B925 /* ViewController.swift */ = {isa = PBXFileReference; lastKnownFileType = sourcecode.swift; path = ViewController.swift; sourceTree = "<group>"; };
		290972C628BBC7400004B925 /* Assets.xcassets */ = {isa = PBXFileReference; lastKnownFileType = folder.assetcatalog; path = Assets.xcassets; sourceTree = "<group>"; };
		290972CB28BBC7400004B925 /* Info.plist */ = {isa = PBXFileReference; lastKnownFileType = text.plist.xml; path = Info.plist; sourceTree = "<group>"; };
		2911E0CA2B2ACDE80033CC2E /* scannerVC.swift */ = {isa = PBXFileReference; lastKnownFileType = sourcecode.swift; path = scannerVC.swift; sourceTree = "<group>"; };
		2911E0CC2B2ECEF10033CC2E /* APIDevice.swift */ = {isa = PBXFileReference; lastKnownFileType = sourcecode.swift; path = APIDevice.swift; sourceTree = "<group>"; };
		2911E0CE2B2ECFD70033CC2E /* DeviceManagerAPI.swift */ = {isa = PBXFileReference; lastKnownFileType = sourcecode.swift; path = DeviceManagerAPI.swift; sourceTree = "<group>"; };
		2911E0D42B2EF9CD0033CC2E /* InventoryViewModel.swift */ = {isa = PBXFileReference; lastKnownFileType = sourcecode.swift; path = InventoryViewModel.swift; sourceTree = "<group>"; };
		2911E0D62B3271B40033CC2E /* CoreDataManager.swift */ = {isa = PBXFileReference; lastKnownFileType = sourcecode.swift; path = CoreDataManager.swift; sourceTree = "<group>"; };
		2913356D2A228F2800A1646A /* UsersVC.swift */ = {isa = PBXFileReference; lastKnownFileType = sourcecode.swift; path = UsersVC.swift; sourceTree = "<group>"; };
		295142252A21B2F5008DC91D /* AddNewAssetVC.swift */ = {isa = PBXFileReference; lastKnownFileType = sourcecode.swift; path = AddNewAssetVC.swift; sourceTree = "<group>"; };
		295142272A21B3F4008DC91D /* deviceTableViewCell.swift */ = {isa = PBXFileReference; lastKnownFileType = sourcecode.swift; path = deviceTableViewCell.swift; sourceTree = "<group>"; };
		295142282A21B3F4008DC91D /* deviceTableViewCell.xib */ = {isa = PBXFileReference; lastKnownFileType = file.xib; path = deviceTableViewCell.xib; sourceTree = "<group>"; };
		2951422B2A21C822008DC91D /* reviewAssetDataVC.swift */ = {isa = PBXFileReference; lastKnownFileType = sourcecode.swift; path = reviewAssetDataVC.swift; sourceTree = "<group>"; };
		296617282A17B1FD0042D2F9 /* InventoryTableViewCell.swift */ = {isa = PBXFileReference; lastKnownFileType = sourcecode.swift; path = InventoryTableViewCell.swift; sourceTree = "<group>"; };
		296617292A17B1FD0042D2F9 /* InventoryTableViewCell.xib */ = {isa = PBXFileReference; lastKnownFileType = file.xib; path = InventoryTableViewCell.xib; sourceTree = "<group>"; };
		296617302A17E37D0042D2F9 /* DataModel.xcdatamodel */ = {isa = PBXFileReference; lastKnownFileType = wrapper.xcdatamodel; path = DataModel.xcdatamodel; sourceTree = "<group>"; };
		296617322A17FECF0042D2F9 /* AddNewDeviceVC.swift */ = {isa = PBXFileReference; lastKnownFileType = sourcecode.swift; path = AddNewDeviceVC.swift; sourceTree = "<group>"; };
		296867DD28BD6FDD00ECA8FB /* HelpWebVC.swift */ = {isa = PBXFileReference; lastKnownFileType = sourcecode.swift; path = HelpWebVC.swift; sourceTree = "<group>"; };
		2982BB5A28BBE5C0003CF948 /* GoogleService-Info.plist */ = {isa = PBXFileReference; fileEncoding = 4; lastKnownFileType = text.plist.xml; name = "GoogleService-Info.plist"; path = "../../GoogleService-Info.plist"; sourceTree = "<group>"; };
		298F6EC22A217DA0006965C4 /* InHouseInventoryVC.swift */ = {isa = PBXFileReference; lastKnownFileType = sourcecode.swift; path = InHouseInventoryVC.swift; sourceTree = "<group>"; };
		298F6EC42A217DD3006965C4 /* inHouseInventoryTableViewCell.swift */ = {isa = PBXFileReference; lastKnownFileType = sourcecode.swift; path = inHouseInventoryTableViewCell.swift; sourceTree = "<group>"; };
		298F6EC52A217DD3006965C4 /* inHouseInventoryTableViewCell.xib */ = {isa = PBXFileReference; lastKnownFileType = file.xib; path = inHouseInventoryTableViewCell.xib; sourceTree = "<group>"; };
		299D94762A1D38C300C50149 /* DeviceDetailsVC.swift */ = {isa = PBXFileReference; lastKnownFileType = sourcecode.swift; path = DeviceDetailsVC.swift; sourceTree = "<group>"; };
		299D94792A21527700C50149 /* HomeMenuVC.swift */ = {isa = PBXFileReference; lastKnownFileType = sourcecode.swift; path = HomeMenuVC.swift; sourceTree = "<group>"; };
		299D947B2A21538500C50149 /* MenuCollectionViewCell.swift */ = {isa = PBXFileReference; lastKnownFileType = sourcecode.swift; path = MenuCollectionViewCell.swift; sourceTree = "<group>"; };
		299D947C2A21538500C50149 /* MenuCollectionViewCell.xib */ = {isa = PBXFileReference; lastKnownFileType = file.xib; path = MenuCollectionViewCell.xib; sourceTree = "<group>"; };
		29BAC4E62A228B36004369F1 /* usersTableViewCell.swift */ = {isa = PBXFileReference; lastKnownFileType = sourcecode.swift; path = usersTableViewCell.swift; sourceTree = "<group>"; };
		29BAC4E72A228B36004369F1 /* usersTableViewCell.xib */ = {isa = PBXFileReference; lastKnownFileType = file.xib; path = usersTableViewCell.xib; sourceTree = "<group>"; };
		29F8FA672BEA756D00E15D12 /* AssetList.swift */ = {isa = PBXFileReference; lastKnownFileType = sourcecode.swift; path = AssetList.swift; sourceTree = "<group>"; };
		29F8FA692BEA7A7A00E15D12 /* AssetVC.swift */ = {isa = PBXFileReference; lastKnownFileType = sourcecode.swift; path = AssetVC.swift; sourceTree = "<group>"; };
		29F8FA6B2BEB5EAA00E15D12 /* TicketViewModel.swift */ = {isa = PBXFileReference; lastKnownFileType = sourcecode.swift; path = TicketViewModel.swift; sourceTree = "<group>"; };
		29F8FA6D2BEB653100E15D12 /* AssetViewModel.swift */ = {isa = PBXFileReference; lastKnownFileType = sourcecode.swift; path = AssetViewModel.swift; sourceTree = "<group>"; };
		C64BBDBE2BE5B68100D2DBAF /* AssetCoreDataManager.swift */ = {isa = PBXFileReference; lastKnownFileType = sourcecode.swift; path = AssetCoreDataManager.swift; sourceTree = "<group>"; };
		C64BBDC02BE5B70300D2DBAF /* APIAsset.swift */ = {isa = PBXFileReference; lastKnownFileType = sourcecode.swift; path = APIAsset.swift; sourceTree = "<group>"; };
		C64BBDC22BE5FD3900D2DBAF /* MyEnums.swift */ = {isa = PBXFileReference; lastKnownFileType = sourcecode.swift; path = MyEnums.swift; sourceTree = "<group>"; };
		C64BBDC42BE5FD8000D2DBAF /* AssetManagerAPI.swift */ = {isa = PBXFileReference; lastKnownFileType = sourcecode.swift; path = AssetManagerAPI.swift; sourceTree = "<group>"; };
		C64BBDC62BE68AE100D2DBAF /* AssetRow.swift */ = {isa = PBXFileReference; lastKnownFileType = sourcecode.swift; path = AssetRow.swift; sourceTree = "<group>"; };
		C64BBDC82BE6F4AD00D2DBAF /* AssetData.json */ = {isa = PBXFileReference; fileEncoding = 4; lastKnownFileType = text.json; path = AssetData.json; sourceTree = "<group>"; };
		C64BBDCB2BE6F55200D2DBAF /* ReadFromFileManager.swift */ = {isa = PBXFileReference; lastKnownFileType = sourcecode.swift; path = ReadFromFileManager.swift; sourceTree = "<group>"; };
/* End PBXFileReference section */

/* Begin PBXFrameworksBuildPhase section */
		290972B728BBC73F0004B925 /* Frameworks */ = {
			isa = PBXFrameworksBuildPhase;
			buildActionMask = 2147483647;
			files = (
				296867E128EE970100ECA8FB /* FirebaseAuth in Frameworks */,
			);
			runOnlyForDeploymentPostprocessing = 0;
		};
/* End PBXFrameworksBuildPhase section */

/* Begin PBXGroup section */
		290972B128BBC73F0004B925 = {
			isa = PBXGroup;
			children = (
				299D94782A1D3A4D00C50149 /* Supporting Files */,
				290972BC28BBC73F0004B925 /* Determit */,
				290972BB28BBC73F0004B925 /* Products */,
			);
			sourceTree = "<group>";
		};
		290972BB28BBC73F0004B925 /* Products */ = {
			isa = PBXGroup;
			children = (
				290972BA28BBC73F0004B925 /* Determit.app */,
			);
			name = Products;
			sourceTree = "<group>";
		};
		290972BC28BBC73F0004B925 /* Determit */ = {
			isa = PBXGroup;
			children = (
				290972BD28BBC73F0004B925 /* AppDelegate.swift */,
				290972BF28BBC73F0004B925 /* SceneDelegate.swift */,
				290972D228BBC75C0004B925 /* Model */,
				2911E0D02B2EF5990033CC2E /* ViewModel */,
				290972D128BBC7470004B925 /* View */,
				290972D328BBC7640004B925 /* Controller */,
				2911E0D12B2EF65D0033CC2E /* Services */,
				290972C628BBC7400004B925 /* Assets.xcassets */,
				23A8DF3628C6934F00F59941 /* Launch Screen.storyboard */,
				290972CB28BBC7400004B925 /* Info.plist */,
				2982BB5A28BBE5C0003CF948 /* GoogleService-Info.plist */,
			);
			path = Determit;
			sourceTree = "<group>";
		};
		290972D128BBC7470004B925 /* View */ = {
			isa = PBXGroup;
			children = (
				C64BBDCE2BE75A1000D2DBAF /* SwiftUI */,
				C64BBDCD2BE7592E00D2DBAF /* UIKIt */,
			);
			path = View;
			sourceTree = "<group>";
		};
		290972D228BBC75C0004B925 /* Model */ = {
			isa = PBXGroup;
			children = (
				2966172F2A17E37D0042D2F9 /* DataModel.xcdatamodeld */,
				C64BBDC82BE6F4AD00D2DBAF /* AssetData.json */,
				2911E0CC2B2ECEF10033CC2E /* APIDevice.swift */,
				C64BBDC02BE5B70300D2DBAF /* APIAsset.swift */,
				C64BBDCB2BE6F55200D2DBAF /* ReadFromFileManager.swift */,
			);
			path = Model;
			sourceTree = "<group>";
		};
		290972D328BBC7640004B925 /* Controller */ = {
			isa = PBXGroup;
			children = (
				290972C128BBC73F0004B925 /* ViewController.swift */,
				23AA085728C5297200B1BD99 /* AccountVC.swift */,
				296867DD28BD6FDD00ECA8FB /* HelpWebVC.swift */,
				23AA085928C5298200B1BD99 /* HomeVC.swift */,
				295142252A21B2F5008DC91D /* AddNewAssetVC.swift */,
				299D94792A21527700C50149 /* HomeMenuVC.swift */,
				2951422B2A21C822008DC91D /* reviewAssetDataVC.swift */,
				2913356D2A228F2800A1646A /* UsersVC.swift */,
				2911E0CA2B2ACDE80033CC2E /* scannerVC.swift */,
			);
			path = Controller;
			sourceTree = "<group>";
		};
		2911E0D02B2EF5990033CC2E /* ViewModel */ = {
			isa = PBXGroup;
			children = (
				2911E0D42B2EF9CD0033CC2E /* InventoryViewModel.swift */,
				29F8FA6B2BEB5EAA00E15D12 /* TicketViewModel.swift */,
				29F8FA6D2BEB653100E15D12 /* AssetViewModel.swift */,
			);
			path = ViewModel;
			sourceTree = "<group>";
		};
		2911E0D12B2EF65D0033CC2E /* Services */ = {
			isa = PBXGroup;
			children = (
				2911E0CE2B2ECFD70033CC2E /* DeviceManagerAPI.swift */,
				2911E0D62B3271B40033CC2E /* CoreDataManager.swift */,
				C64BBDBE2BE5B68100D2DBAF /* AssetCoreDataManager.swift */,
				C64BBDC42BE5FD8000D2DBAF /* AssetManagerAPI.swift */,
			);
			path = Services;
			sourceTree = "<group>";
		};
		299D94782A1D3A4D00C50149 /* Supporting Files */ = {
			isa = PBXGroup;
			children = (
				2305663E2983B5500065403D /* Validation.swift */,
				23E0F5022975A45B008E2CA2 /* LoadingView.swift */,
				23E0F5042975A4DF008E2CA2 /* Constants.swift */,
				23AA085D28C529CB00B1BD99 /* Alert.swift */,
				C64BBDC22BE5FD3900D2DBAF /* MyEnums.swift */,
			);
			path = "Supporting Files";
			sourceTree = "<group>";
		};
		29F8FA6F2BEB66FB00E15D12 /* Assets */ = {
			isa = PBXGroup;
			children = (
				29F8FA692BEA7A7A00E15D12 /* AssetVC.swift */,
				298F6EC42A217DD3006965C4 /* inHouseInventoryTableViewCell.swift */,
				298F6EC52A217DD3006965C4 /* inHouseInventoryTableViewCell.xib */,
				298F6EC22A217DA0006965C4 /* InHouseInventoryVC.swift */,
			);
			path = Assets;
			sourceTree = "<group>";
		};
		29F8FA702BEB687A00E15D12 /* Users */ = {
			isa = PBXGroup;
			children = (
			);
			path = Users;
			sourceTree = "<group>";
		};
		29F8FA712BEB68BA00E15D12 /* Other */ = {
			isa = PBXGroup;
			children = (
				299D947B2A21538500C50149 /* MenuCollectionViewCell.swift */,
				299D947C2A21538500C50149 /* MenuCollectionViewCell.xib */,
				295142272A21B3F4008DC91D /* deviceTableViewCell.swift */,
				295142282A21B3F4008DC91D /* deviceTableViewCell.xib */,
				29BAC4E72A228B36004369F1 /* usersTableViewCell.xib */,
				29BAC4E62A228B36004369F1 /* usersTableViewCell.swift */,
			);
			path = Other;
			sourceTree = "<group>";
		};
		C64BBDCA2BE6F4F500D2DBAF /* AssetView */ = {
			isa = PBXGroup;
			children = (
				C64BBDC62BE68AE100D2DBAF /* AssetRow.swift */,
				29F8FA672BEA756D00E15D12 /* AssetList.swift */,
			);
			path = AssetView;
			sourceTree = "<group>";
		};
		C64BBDCD2BE7592E00D2DBAF /* UIKIt */ = {
			isa = PBXGroup;
			children = (
				29F8FA712BEB68BA00E15D12 /* Other */,
				23AA085B28C529A300B1BD99 /* Main.storyboard */,
				29F8FA702BEB687A00E15D12 /* Users */,
				C64BBDD02BE75D8F00D2DBAF /* Login */,
				C64BBDD12BE75DA400D2DBAF /* Register */,
				C64BBDD22BE75DE200D2DBAF /* Map */,
				C64BBDCF2BE75D6900D2DBAF /* Devices */,
				29F8FA6F2BEB66FB00E15D12 /* Assets */,
			);
			path = UIKIt;
			sourceTree = "<group>";
		};
		C64BBDCE2BE75A1000D2DBAF /* SwiftUI */ = {
			isa = PBXGroup;
			children = (
				C64BBDCA2BE6F4F500D2DBAF /* AssetView */,
			);
			path = SwiftUI;
			sourceTree = "<group>";
		};
		C64BBDCF2BE75D6900D2DBAF /* Devices */ = {
			isa = PBXGroup;
			children = (
				2398E4282A05FD89001DBAD7 /* InventoryView.swift */,
				299D94762A1D38C300C50149 /* DeviceDetailsVC.swift */,
				296617322A17FECF0042D2F9 /* AddNewDeviceVC.swift */,
				296617282A17B1FD0042D2F9 /* InventoryTableViewCell.swift */,
				296617292A17B1FD0042D2F9 /* InventoryTableViewCell.xib */,
			);
			path = Devices;
			sourceTree = "<group>";
		};
		C64BBDD02BE75D8F00D2DBAF /* Login */ = {
			isa = PBXGroup;
			children = (
				23AA085128C5293100B1BD99 /* LogInVC.swift */,
			);
			path = Login;
			sourceTree = "<group>";
		};
		C64BBDD12BE75DA400D2DBAF /* Register */ = {
			isa = PBXGroup;
			children = (
				23AA085528C5295900B1BD99 /* RegisterVC.swift */,
			);
			path = Register;
			sourceTree = "<group>";
		};
		C64BBDD22BE75DE200D2DBAF /* Map */ = {
			isa = PBXGroup;
			children = (
				23AA085328C5294600B1BD99 /* LocationVC.swift */,
			);
			path = Map;
			sourceTree = "<group>";
		};
/* End PBXGroup section */

/* Begin PBXNativeTarget section */
		290972B928BBC73F0004B925 /* Determit */ = {
			isa = PBXNativeTarget;
			buildConfigurationList = 290972CE28BBC7400004B925 /* Build configuration list for PBXNativeTarget "Determit" */;
			buildPhases = (
				290972B628BBC73F0004B925 /* Sources */,
				290972B728BBC73F0004B925 /* Frameworks */,
				290972B828BBC73F0004B925 /* Resources */,
			);
			buildRules = (
			);
			dependencies = (
			);
			name = Determit;
			packageProductDependencies = (
				296867E028EE970100ECA8FB /* FirebaseAuth */,
			);
			productName = Determit;
			productReference = 290972BA28BBC73F0004B925 /* Determit.app */;
			productType = "com.apple.product-type.application";
		};
/* End PBXNativeTarget section */

/* Begin PBXProject section */
		290972B228BBC73F0004B925 /* Project object */ = {
			isa = PBXProject;
			attributes = {
				LastSwiftUpdateCheck = 1250;
				LastUpgradeCheck = 1250;
				TargetAttributes = {
					290972B928BBC73F0004B925 = {
						CreatedOnToolsVersion = 12.5.1;
					};
				};
			};
			buildConfigurationList = 290972B528BBC73F0004B925 /* Build configuration list for PBXProject "Determit" */;
			compatibilityVersion = "Xcode 9.3";
			developmentRegion = en;
			hasScannedForEncodings = 0;
			knownRegions = (
				en,
				Base,
			);
			mainGroup = 290972B128BBC73F0004B925;
			packageReferences = (
				29396D7B28BBE21C00BC79C1 /* XCRemoteSwiftPackageReference "firebase-ios-sdk" */,
				23A8DF3328C692C700F59941 /* XCRemoteSwiftPackageReference "firebase-ios-sdk" */,
				296867DF28EE970100ECA8FB /* XCRemoteSwiftPackageReference "firebase-ios-sdk" */,
			);
			productRefGroup = 290972BB28BBC73F0004B925 /* Products */;
			projectDirPath = "";
			projectRoot = "";
			targets = (
				290972B928BBC73F0004B925 /* Determit */,
			);
		};
/* End PBXProject section */

/* Begin PBXResourcesBuildPhase section */
		290972B828BBC73F0004B925 /* Resources */ = {
			isa = PBXResourcesBuildPhase;
			buildActionMask = 2147483647;
			files = (
				C64BBDC92BE6F4AD00D2DBAF /* AssetData.json in Resources */,
				2966172B2A17B1FD0042D2F9 /* InventoryTableViewCell.xib in Resources */,
				299D947E2A21538500C50149 /* MenuCollectionViewCell.xib in Resources */,
				2982BB5B28BBE5C0003CF948 /* GoogleService-Info.plist in Resources */,
				2951422A2A21B3F4008DC91D /* deviceTableViewCell.xib in Resources */,
				298F6EC72A217DD3006965C4 /* inHouseInventoryTableViewCell.xib in Resources */,
				290972C728BBC7400004B925 /* Assets.xcassets in Resources */,
				29BAC4E92A228B36004369F1 /* usersTableViewCell.xib in Resources */,
				23A8DF3728C6934F00F59941 /* Launch Screen.storyboard in Resources */,
				23AA085C28C529A300B1BD99 /* Main.storyboard in Resources */,
			);
			runOnlyForDeploymentPostprocessing = 0;
		};
/* End PBXResourcesBuildPhase section */

/* Begin PBXSourcesBuildPhase section */
		290972B628BBC73F0004B925 /* Sources */ = {
			isa = PBXSourcesBuildPhase;
			buildActionMask = 2147483647;
			files = (
				299D947A2A21527700C50149 /* HomeMenuVC.swift in Sources */,
				C64BBDC12BE5B70300D2DBAF /* APIAsset.swift in Sources */,
				290972C228BBC73F0004B925 /* ViewController.swift in Sources */,
				299D94772A1D38C300C50149 /* DeviceDetailsVC.swift in Sources */,
				290972BE28BBC73F0004B925 /* AppDelegate.swift in Sources */,
				23AA085428C5294600B1BD99 /* LocationVC.swift in Sources */,
				23E0F5032975A45B008E2CA2 /* LoadingView.swift in Sources */,
				2911E0CB2B2ACDE80033CC2E /* scannerVC.swift in Sources */,
				2305663F2983B5500065403D /* Validation.swift in Sources */,
				23AA085A28C5298200B1BD99 /* HomeVC.swift in Sources */,
				29BAC4E82A228B36004369F1 /* usersTableViewCell.swift in Sources */,
				C64BBDBF2BE5B68100D2DBAF /* AssetCoreDataManager.swift in Sources */,
				2911E0CD2B2ECEF10033CC2E /* APIDevice.swift in Sources */,
				295142262A21B2F5008DC91D /* AddNewAssetVC.swift in Sources */,
				296867DE28BD6FDD00ECA8FB /* HelpWebVC.swift in Sources */,
				29F8FA6A2BEA7A7A00E15D12 /* AssetVC.swift in Sources */,
				29F8FA6C2BEB5EAA00E15D12 /* TicketViewModel.swift in Sources */,
				2911E0CF2B2ECFD70033CC2E /* DeviceManagerAPI.swift in Sources */,
				2911E0D72B3271B40033CC2E /* CoreDataManager.swift in Sources */,
				2966172A2A17B1FD0042D2F9 /* InventoryTableViewCell.swift in Sources */,
				23AA085228C5293200B1BD99 /* LogInVC.swift in Sources */,
				296617312A17E37D0042D2F9 /* DataModel.xcdatamodeld in Sources */,
				298F6EC62A217DD3006965C4 /* inHouseInventoryTableViewCell.swift in Sources */,
				C64BBDCC2BE6F55200D2DBAF /* ReadFromFileManager.swift in Sources */,
				29F8FA682BEA756D00E15D12 /* AssetList.swift in Sources */,
				23E0F5052975A4DF008E2CA2 /* Constants.swift in Sources */,
				29F8FA6E2BEB653100E15D12 /* AssetViewModel.swift in Sources */,
				C64BBDC32BE5FD3A00D2DBAF /* MyEnums.swift in Sources */,
				295142292A21B3F4008DC91D /* deviceTableViewCell.swift in Sources */,
				23AA085828C5297200B1BD99 /* AccountVC.swift in Sources */,
				C64BBDC52BE5FD8000D2DBAF /* AssetManagerAPI.swift in Sources */,
				C64BBDC72BE68AE100D2DBAF /* AssetRow.swift in Sources */,
				290972C028BBC73F0004B925 /* SceneDelegate.swift in Sources */,
				23AA085E28C529CB00B1BD99 /* Alert.swift in Sources */,
				2951422C2A21C822008DC91D /* reviewAssetDataVC.swift in Sources */,
				298F6EC32A217DA0006965C4 /* InHouseInventoryVC.swift in Sources */,
				2911E0D52B2EF9CD0033CC2E /* InventoryViewModel.swift in Sources */,
				296617332A17FECF0042D2F9 /* AddNewDeviceVC.swift in Sources */,
				2398E4292A05FD89001DBAD7 /* InventoryView.swift in Sources */,
				23AA085628C5295900B1BD99 /* RegisterVC.swift in Sources */,
				299D947D2A21538500C50149 /* MenuCollectionViewCell.swift in Sources */,
				2913356E2A228F2800A1646A /* UsersVC.swift in Sources */,
			);
			runOnlyForDeploymentPostprocessing = 0;
		};
/* End PBXSourcesBuildPhase section */

/* Begin XCBuildConfiguration section */
		290972CC28BBC7400004B925 /* Debug */ = {
			isa = XCBuildConfiguration;
			buildSettings = {
				ALWAYS_SEARCH_USER_PATHS = NO;
				CLANG_ANALYZER_NONNULL = YES;
				CLANG_ANALYZER_NUMBER_OBJECT_CONVERSION = YES_AGGRESSIVE;
				CLANG_CXX_LANGUAGE_STANDARD = "gnu++14";
				CLANG_CXX_LIBRARY = "libc++";
				CLANG_ENABLE_MODULES = YES;
				CLANG_ENABLE_OBJC_ARC = YES;
				CLANG_ENABLE_OBJC_WEAK = YES;
				CLANG_WARN_BLOCK_CAPTURE_AUTORELEASING = YES;
				CLANG_WARN_BOOL_CONVERSION = YES;
				CLANG_WARN_COMMA = YES;
				CLANG_WARN_CONSTANT_CONVERSION = YES;
				CLANG_WARN_DEPRECATED_OBJC_IMPLEMENTATIONS = YES;
				CLANG_WARN_DIRECT_OBJC_ISA_USAGE = YES_ERROR;
				CLANG_WARN_DOCUMENTATION_COMMENTS = YES;
				CLANG_WARN_EMPTY_BODY = YES;
				CLANG_WARN_ENUM_CONVERSION = YES;
				CLANG_WARN_INFINITE_RECURSION = YES;
				CLANG_WARN_INT_CONVERSION = YES;
				CLANG_WARN_NON_LITERAL_NULL_CONVERSION = YES;
				CLANG_WARN_OBJC_IMPLICIT_RETAIN_SELF = YES;
				CLANG_WARN_OBJC_LITERAL_CONVERSION = YES;
				CLANG_WARN_OBJC_ROOT_CLASS = YES_ERROR;
				CLANG_WARN_QUOTED_INCLUDE_IN_FRAMEWORK_HEADER = YES;
				CLANG_WARN_RANGE_LOOP_ANALYSIS = YES;
				CLANG_WARN_STRICT_PROTOTYPES = YES;
				CLANG_WARN_SUSPICIOUS_MOVE = YES;
				CLANG_WARN_UNGUARDED_AVAILABILITY = YES_AGGRESSIVE;
				CLANG_WARN_UNREACHABLE_CODE = YES;
				CLANG_WARN__DUPLICATE_METHOD_MATCH = YES;
				COPY_PHASE_STRIP = NO;
				DEBUG_INFORMATION_FORMAT = dwarf;
				ENABLE_STRICT_OBJC_MSGSEND = YES;
				ENABLE_TESTABILITY = YES;
				GCC_C_LANGUAGE_STANDARD = gnu11;
				GCC_DYNAMIC_NO_PIC = NO;
				GCC_NO_COMMON_BLOCKS = YES;
				GCC_OPTIMIZATION_LEVEL = 0;
				GCC_PREPROCESSOR_DEFINITIONS = (
					"DEBUG=1",
					"$(inherited)",
				);
				GCC_WARN_64_TO_32_BIT_CONVERSION = YES;
				GCC_WARN_ABOUT_RETURN_TYPE = YES_ERROR;
				GCC_WARN_UNDECLARED_SELECTOR = YES;
				GCC_WARN_UNINITIALIZED_AUTOS = YES_AGGRESSIVE;
				GCC_WARN_UNUSED_FUNCTION = YES;
				GCC_WARN_UNUSED_VARIABLE = YES;
				IPHONEOS_DEPLOYMENT_TARGET = 14.5;
				MTL_ENABLE_DEBUG_INFO = INCLUDE_SOURCE;
				MTL_FAST_MATH = YES;
				ONLY_ACTIVE_ARCH = YES;
				SDKROOT = iphoneos;
				SWIFT_ACTIVE_COMPILATION_CONDITIONS = DEBUG;
				SWIFT_OPTIMIZATION_LEVEL = "-Onone";
			};
			name = Debug;
		};
		290972CD28BBC7400004B925 /* Release */ = {
			isa = XCBuildConfiguration;
			buildSettings = {
				ALWAYS_SEARCH_USER_PATHS = NO;
				CLANG_ANALYZER_NONNULL = YES;
				CLANG_ANALYZER_NUMBER_OBJECT_CONVERSION = YES_AGGRESSIVE;
				CLANG_CXX_LANGUAGE_STANDARD = "gnu++14";
				CLANG_CXX_LIBRARY = "libc++";
				CLANG_ENABLE_MODULES = YES;
				CLANG_ENABLE_OBJC_ARC = YES;
				CLANG_ENABLE_OBJC_WEAK = YES;
				CLANG_WARN_BLOCK_CAPTURE_AUTORELEASING = YES;
				CLANG_WARN_BOOL_CONVERSION = YES;
				CLANG_WARN_COMMA = YES;
				CLANG_WARN_CONSTANT_CONVERSION = YES;
				CLANG_WARN_DEPRECATED_OBJC_IMPLEMENTATIONS = YES;
				CLANG_WARN_DIRECT_OBJC_ISA_USAGE = YES_ERROR;
				CLANG_WARN_DOCUMENTATION_COMMENTS = YES;
				CLANG_WARN_EMPTY_BODY = YES;
				CLANG_WARN_ENUM_CONVERSION = YES;
				CLANG_WARN_INFINITE_RECURSION = YES;
				CLANG_WARN_INT_CONVERSION = YES;
				CLANG_WARN_NON_LITERAL_NULL_CONVERSION = YES;
				CLANG_WARN_OBJC_IMPLICIT_RETAIN_SELF = YES;
				CLANG_WARN_OBJC_LITERAL_CONVERSION = YES;
				CLANG_WARN_OBJC_ROOT_CLASS = YES_ERROR;
				CLANG_WARN_QUOTED_INCLUDE_IN_FRAMEWORK_HEADER = YES;
				CLANG_WARN_RANGE_LOOP_ANALYSIS = YES;
				CLANG_WARN_STRICT_PROTOTYPES = YES;
				CLANG_WARN_SUSPICIOUS_MOVE = YES;
				CLANG_WARN_UNGUARDED_AVAILABILITY = YES_AGGRESSIVE;
				CLANG_WARN_UNREACHABLE_CODE = YES;
				CLANG_WARN__DUPLICATE_METHOD_MATCH = YES;
				COPY_PHASE_STRIP = NO;
				DEBUG_INFORMATION_FORMAT = "dwarf-with-dsym";
				ENABLE_NS_ASSERTIONS = NO;
				ENABLE_STRICT_OBJC_MSGSEND = YES;
				GCC_C_LANGUAGE_STANDARD = gnu11;
				GCC_NO_COMMON_BLOCKS = YES;
				GCC_WARN_64_TO_32_BIT_CONVERSION = YES;
				GCC_WARN_ABOUT_RETURN_TYPE = YES_ERROR;
				GCC_WARN_UNDECLARED_SELECTOR = YES;
				GCC_WARN_UNINITIALIZED_AUTOS = YES_AGGRESSIVE;
				GCC_WARN_UNUSED_FUNCTION = YES;
				GCC_WARN_UNUSED_VARIABLE = YES;
				IPHONEOS_DEPLOYMENT_TARGET = 14.5;
				MTL_ENABLE_DEBUG_INFO = NO;
				MTL_FAST_MATH = YES;
				SDKROOT = iphoneos;
				SWIFT_COMPILATION_MODE = wholemodule;
				SWIFT_OPTIMIZATION_LEVEL = "-O";
				VALIDATE_PRODUCT = YES;
			};
			name = Release;
		};
		290972CF28BBC7400004B925 /* Debug */ = {
			isa = XCBuildConfiguration;
			buildSettings = {
				ASSETCATALOG_COMPILER_APPICON_NAME = AppIcon;
				ASSETCATALOG_COMPILER_GLOBAL_ACCENT_COLOR_NAME = AccentColor;
				CODE_SIGN_STYLE = Automatic;
				DEVELOPMENT_TEAM = FLMQ8FUJ4T;
				INFOPLIST_FILE = Determit/Info.plist;
				IPHONEOS_DEPLOYMENT_TARGET = 15.3;
				LD_RUNPATH_SEARCH_PATHS = (
					"$(inherited)",
					"@executable_path/Frameworks",
				);
				PRODUCT_BUNDLE_IDENTIFIER = determit.com.Determit;
				PRODUCT_NAME = "$(TARGET_NAME)";
				SWIFT_VERSION = 5.0;
				TARGETED_DEVICE_FAMILY = 1;
			};
			name = Debug;
		};
		290972D028BBC7400004B925 /* Release */ = {
			isa = XCBuildConfiguration;
			buildSettings = {
				ASSETCATALOG_COMPILER_APPICON_NAME = AppIcon;
				ASSETCATALOG_COMPILER_GLOBAL_ACCENT_COLOR_NAME = AccentColor;
				CODE_SIGN_STYLE = Automatic;
				DEVELOPMENT_TEAM = FLMQ8FUJ4T;
				INFOPLIST_FILE = Determit/Info.plist;
				IPHONEOS_DEPLOYMENT_TARGET = 15.3;
				LD_RUNPATH_SEARCH_PATHS = (
					"$(inherited)",
					"@executable_path/Frameworks",
				);
				PRODUCT_BUNDLE_IDENTIFIER = determit.com.Determit;
				PRODUCT_NAME = "$(TARGET_NAME)";
				SWIFT_VERSION = 5.0;
				TARGETED_DEVICE_FAMILY = 1;
			};
			name = Release;
		};
/* End XCBuildConfiguration section */

/* Begin XCConfigurationList section */
		290972B528BBC73F0004B925 /* Build configuration list for PBXProject "Determit" */ = {
			isa = XCConfigurationList;
			buildConfigurations = (
				290972CC28BBC7400004B925 /* Debug */,
				290972CD28BBC7400004B925 /* Release */,
			);
			defaultConfigurationIsVisible = 0;
			defaultConfigurationName = Release;
		};
		290972CE28BBC7400004B925 /* Build configuration list for PBXNativeTarget "Determit" */ = {
			isa = XCConfigurationList;
			buildConfigurations = (
				290972CF28BBC7400004B925 /* Debug */,
				290972D028BBC7400004B925 /* Release */,
			);
			defaultConfigurationIsVisible = 0;
			defaultConfigurationName = Release;
		};
/* End XCConfigurationList section */

/* Begin XCRemoteSwiftPackageReference section */
		23A8DF3328C692C700F59941 /* XCRemoteSwiftPackageReference "firebase-ios-sdk" */ = {
			isa = XCRemoteSwiftPackageReference;
			repositoryURL = "https://github.com/firebase/firebase-ios-sdk";
			requirement = {
				branch = master;
				kind = branch;
			};
		};
		29396D7B28BBE21C00BC79C1 /* XCRemoteSwiftPackageReference "firebase-ios-sdk" */ = {
			isa = XCRemoteSwiftPackageReference;
			repositoryURL = "https://github.com/firebase/firebase-ios-sdk";
			requirement = {
				kind = upToNextMajorVersion;
				minimumVersion = 9.0.0;
			};
		};
		296867DF28EE970100ECA8FB /* XCRemoteSwiftPackageReference "firebase-ios-sdk" */ = {
			isa = XCRemoteSwiftPackageReference;
			repositoryURL = "https://github.com/firebase/firebase-ios-sdk";
			requirement = {
				branch = master;
				kind = branch;
			};
		};
/* End XCRemoteSwiftPackageReference section */

/* Begin XCSwiftPackageProductDependency section */
		296867E028EE970100ECA8FB /* FirebaseAuth */ = {
			isa = XCSwiftPackageProductDependency;
			package = 23A8DF3328C692C700F59941 /* XCRemoteSwiftPackageReference "firebase-ios-sdk" */;
			productName = FirebaseAuth;
		};
/* End XCSwiftPackageProductDependency section */

/* Begin XCVersionGroup section */
		2966172F2A17E37D0042D2F9 /* DataModel.xcdatamodeld */ = {
			isa = XCVersionGroup;
			children = (
				296617302A17E37D0042D2F9 /* DataModel.xcdatamodel */,
			);
			currentVersion = 296617302A17E37D0042D2F9 /* DataModel.xcdatamodel */;
			name = DataModel.xcdatamodeld;
			path = ../../DataModel.xcdatamodeld;
			sourceTree = "<group>";
			versionGroupType = wrapper.xcdatamodel;
		};
/* End XCVersionGroup section */
	};
	rootObject = 290972B228BBC73F0004B925 /* Project object */;
}
