// !$*UTF8*$!
{
	archiveVersion = 1;
	classes = {
	};
	objectVersion = 52;
	objects = {

/* Begin PBXBuildFile section */
		2305663F2983B5500065403D /* Validation.swift in Sources */ = {isa = PBXBuildFile; fileRef = 2305663E2983B5500065403D /* Validation.swift */; };
		2398E4272A05E9CD001DBAD7 /* Item.swift in Sources */ = {isa = PBXBuildFile; fileRef = 2398E4262A05E9CD001DBAD7 /* Item.swift */; };
		2398E4292A05FD89001DBAD7 /* InventoryVC.swift in Sources */ = {isa = PBXBuildFile; fileRef = 2398E4282A05FD89001DBAD7 /* InventoryVC.swift */; };
		23A8DF3728C6934F00F59941 /* Launch Screen.storyboard in Resources */ = {isa = PBXBuildFile; fileRef = 23A8DF3628C6934F00F59941 /* Launch Screen.storyboard */; };
		23AA085228C5293200B1BD99 /* LogInVC.swift in Sources */ = {isa = PBXBuildFile; fileRef = 23AA085128C5293100B1BD99 /* LogInVC.swift */; };
		23AA085428C5294600B1BD99 /* LocationVC.swift in Sources */ = {isa = PBXBuildFile; fileRef = 23AA085328C5294600B1BD99 /* LocationVC.swift */; };
		23AA085628C5295900B1BD99 /* RegisterVC.swift in Sources */ = {isa = PBXBuildFile; fileRef = 23AA085528C5295900B1BD99 /* RegisterVC.swift */; };
		23AA085828C5297200B1BD99 /* AccountVC.swift in Sources */ = {isa = PBXBuildFile; fileRef = 23AA085728C5297200B1BD99 /* AccountVC.swift */; };
		23AA085A28C5298200B1BD99 /* HomeVC.swift in Sources */ = {isa = PBXBuildFile; fileRef = 23AA085928C5298200B1BD99 /* HomeVC.swift */; };
		23AA085C28C529A300B1BD99 /* Main.storyboard in Resources */ = {isa = PBXBuildFile; fileRef = 23AA085B28C529A300B1BD99 /* Main.storyboard */; };
		23AA085E28C529CB00B1BD99 /* Alert.swift in Sources */ = {isa = PBXBuildFile; fileRef = 23AA085D28C529CB00B1BD99 /* Alert.swift */; };
		23E0F5032975A45B008E2CA2 /* LoadingView.swift in Sources */ = {isa = PBXBuildFile; fileRef = 23E0F5022975A45B008E2CA2 /* LoadingView.swift */; };
		23E0F5052975A4DF008E2CA2 /* constant.swift in Sources */ = {isa = PBXBuildFile; fileRef = 23E0F5042975A4DF008E2CA2 /* constant.swift */; };
		290972BE28BBC73F0004B925 /* AppDelegate.swift in Sources */ = {isa = PBXBuildFile; fileRef = 290972BD28BBC73F0004B925 /* AppDelegate.swift */; };
		290972C028BBC73F0004B925 /* SceneDelegate.swift in Sources */ = {isa = PBXBuildFile; fileRef = 290972BF28BBC73F0004B925 /* SceneDelegate.swift */; };
		290972C228BBC73F0004B925 /* ViewController.swift in Sources */ = {isa = PBXBuildFile; fileRef = 290972C128BBC73F0004B925 /* ViewController.swift */; };
		290972C728BBC7400004B925 /* Assets.xcassets in Resources */ = {isa = PBXBuildFile; fileRef = 290972C628BBC7400004B925 /* Assets.xcassets */; };
		2966172A2A17B1FD0042D2F9 /* InventoryTableViewCell.swift in Sources */ = {isa = PBXBuildFile; fileRef = 296617282A17B1FD0042D2F9 /* InventoryTableViewCell.swift */; };
		2966172B2A17B1FD0042D2F9 /* InventoryTableViewCell.xib in Resources */ = {isa = PBXBuildFile; fileRef = 296617292A17B1FD0042D2F9 /* InventoryTableViewCell.xib */; };
		2966172E2A17C5D30042D2F9 /* dataModel.xcdatamodeld in Sources */ = {isa = PBXBuildFile; fileRef = 2966172C2A17C5D30042D2F9 /* dataModel.xcdatamodeld */; };
		296867DE28BD6FDD00ECA8FB /* HelpWebVC.swift in Sources */ = {isa = PBXBuildFile; fileRef = 296867DD28BD6FDD00ECA8FB /* HelpWebVC.swift */; };
		296867E128EE970100ECA8FB /* FirebaseAuth in Frameworks */ = {isa = PBXBuildFile; productRef = 296867E028EE970100ECA8FB /* FirebaseAuth */; };
		2982BB5B28BBE5C0003CF948 /* GoogleService-Info.plist in Resources */ = {isa = PBXBuildFile; fileRef = 2982BB5A28BBE5C0003CF948 /* GoogleService-Info.plist */; };
/* End PBXBuildFile section */

/* Begin PBXFileReference section */
		2305663E2983B5500065403D /* Validation.swift */ = {isa = PBXFileReference; lastKnownFileType = sourcecode.swift; path = Validation.swift; sourceTree = "<group>"; };
		2398E4262A05E9CD001DBAD7 /* Item.swift */ = {isa = PBXFileReference; lastKnownFileType = sourcecode.swift; path = Item.swift; sourceTree = "<group>"; };
		2398E4282A05FD89001DBAD7 /* InventoryVC.swift */ = {isa = PBXFileReference; lastKnownFileType = sourcecode.swift; path = InventoryVC.swift; sourceTree = "<group>"; };
		23A8DF3628C6934F00F59941 /* Launch Screen.storyboard */ = {isa = PBXFileReference; lastKnownFileType = file.storyboard; path = "Launch Screen.storyboard"; sourceTree = "<group>"; };
		23AA085128C5293100B1BD99 /* LogInVC.swift */ = {isa = PBXFileReference; lastKnownFileType = sourcecode.swift; path = LogInVC.swift; sourceTree = "<group>"; };
		23AA085328C5294600B1BD99 /* LocationVC.swift */ = {isa = PBXFileReference; lastKnownFileType = sourcecode.swift; path = LocationVC.swift; sourceTree = "<group>"; };
		23AA085528C5295900B1BD99 /* RegisterVC.swift */ = {isa = PBXFileReference; lastKnownFileType = sourcecode.swift; path = RegisterVC.swift; sourceTree = "<group>"; };
		23AA085728C5297200B1BD99 /* AccountVC.swift */ = {isa = PBXFileReference; lastKnownFileType = sourcecode.swift; path = AccountVC.swift; sourceTree = "<group>"; };
		23AA085928C5298200B1BD99 /* HomeVC.swift */ = {isa = PBXFileReference; lastKnownFileType = sourcecode.swift; path = HomeVC.swift; sourceTree = "<group>"; };
		23AA085B28C529A300B1BD99 /* Main.storyboard */ = {isa = PBXFileReference; lastKnownFileType = file.storyboard; path = Main.storyboard; sourceTree = "<group>"; };
		23AA085D28C529CB00B1BD99 /* Alert.swift */ = {isa = PBXFileReference; lastKnownFileType = sourcecode.swift; path = Alert.swift; sourceTree = "<group>"; };
		23E0F5022975A45B008E2CA2 /* LoadingView.swift */ = {isa = PBXFileReference; lastKnownFileType = sourcecode.swift; path = LoadingView.swift; sourceTree = "<group>"; };
		23E0F5042975A4DF008E2CA2 /* constant.swift */ = {isa = PBXFileReference; lastKnownFileType = sourcecode.swift; path = constant.swift; sourceTree = "<group>"; };
		290972BA28BBC73F0004B925 /* Determit.app */ = {isa = PBXFileReference; explicitFileType = wrapper.application; includeInIndex = 0; path = Determit.app; sourceTree = BUILT_PRODUCTS_DIR; };
		290972BD28BBC73F0004B925 /* AppDelegate.swift */ = {isa = PBXFileReference; lastKnownFileType = sourcecode.swift; path = AppDelegate.swift; sourceTree = "<group>"; };
		290972BF28BBC73F0004B925 /* SceneDelegate.swift */ = {isa = PBXFileReference; lastKnownFileType = sourcecode.swift; path = SceneDelegate.swift; sourceTree = "<group>"; };
		290972C128BBC73F0004B925 /* ViewController.swift */ = {isa = PBXFileReference; lastKnownFileType = sourcecode.swift; path = ViewController.swift; sourceTree = "<group>"; };
		290972C628BBC7400004B925 /* Assets.xcassets */ = {isa = PBXFileReference; lastKnownFileType = folder.assetcatalog; path = Assets.xcassets; sourceTree = "<group>"; };
		290972CB28BBC7400004B925 /* Info.plist */ = {isa = PBXFileReference; lastKnownFileType = text.plist.xml; path = Info.plist; sourceTree = "<group>"; };
		296617282A17B1FD0042D2F9 /* InventoryTableViewCell.swift */ = {isa = PBXFileReference; lastKnownFileType = sourcecode.swift; path = InventoryTableViewCell.swift; sourceTree = "<group>"; };
		296617292A17B1FD0042D2F9 /* InventoryTableViewCell.xib */ = {isa = PBXFileReference; lastKnownFileType = file.xib; path = InventoryTableViewCell.xib; sourceTree = "<group>"; };
		2966172D2A17C5D30042D2F9 /* dataModel.xcdatamodel */ = {isa = PBXFileReference; lastKnownFileType = wrapper.xcdatamodel; path = dataModel.xcdatamodel; sourceTree = "<group>"; };
		296867DD28BD6FDD00ECA8FB /* HelpWebVC.swift */ = {isa = PBXFileReference; lastKnownFileType = sourcecode.swift; path = HelpWebVC.swift; sourceTree = "<group>"; };
		2982BB5A28BBE5C0003CF948 /* GoogleService-Info.plist */ = {isa = PBXFileReference; fileEncoding = 4; lastKnownFileType = text.plist.xml; name = "GoogleService-Info.plist"; path = "../../GoogleService-Info.plist"; sourceTree = "<group>"; };
/* End PBXFileReference section */

/* Begin PBXFrameworksBuildPhase section */
		290972B728BBC73F0004B925 /* Frameworks */ = {
			isa = PBXFrameworksBuildPhase;
			buildActionMask = 2147483647;
			files = (
				296867E128EE970100ECA8FB /* FirebaseAuth in Frameworks */,
			);
			runOnlyForDeploymentPostprocessing = 0;
		};
/* End PBXFrameworksBuildPhase section */

/* Begin PBXGroup section */
		290972B128BBC73F0004B925 = {
			isa = PBXGroup;
			children = (
				2305663E2983B5500065403D /* Validation.swift */,
				23E0F5022975A45B008E2CA2 /* LoadingView.swift */,
				23E0F5042975A4DF008E2CA2 /* constant.swift */,
				290972BC28BBC73F0004B925 /* Determit */,
				290972BB28BBC73F0004B925 /* Products */,
			);
			sourceTree = "<group>";
		};
		290972BB28BBC73F0004B925 /* Products */ = {
			isa = PBXGroup;
			children = (
				290972BA28BBC73F0004B925 /* Determit.app */,
			);
			name = Products;
			sourceTree = "<group>";
		};
		290972BC28BBC73F0004B925 /* Determit */ = {
			isa = PBXGroup;
			children = (
				290972BD28BBC73F0004B925 /* AppDelegate.swift */,
				290972BF28BBC73F0004B925 /* SceneDelegate.swift */,
				290972D228BBC75C0004B925 /* Model */,
				290972D128BBC7470004B925 /* View */,
				290972D328BBC7640004B925 /* Controller */,
				290972C628BBC7400004B925 /* Assets.xcassets */,
				23A8DF3628C6934F00F59941 /* Launch Screen.storyboard */,
				23AA085D28C529CB00B1BD99 /* Alert.swift */,
				290972CB28BBC7400004B925 /* Info.plist */,
				2982BB5A28BBE5C0003CF948 /* GoogleService-Info.plist */,
			);
			path = Determit;
			sourceTree = "<group>";
		};
		290972D128BBC7470004B925 /* View */ = {
			isa = PBXGroup;
			children = (
				23AA085B28C529A300B1BD99 /* Main.storyboard */,
				296617282A17B1FD0042D2F9 /* InventoryTableViewCell.swift */,
				296617292A17B1FD0042D2F9 /* InventoryTableViewCell.xib */,
			);
			path = View;
			sourceTree = "<group>";
		};
		290972D228BBC75C0004B925 /* Model */ = {
			isa = PBXGroup;
			children = (
				2398E4262A05E9CD001DBAD7 /* Item.swift */,
				2966172C2A17C5D30042D2F9 /* dataModel.xcdatamodeld */,
			);
			path = Model;
			sourceTree = "<group>";
		};
		290972D328BBC7640004B925 /* Controller */ = {
			isa = PBXGroup;
			children = (
				290972C128BBC73F0004B925 /* ViewController.swift */,
				23AA085128C5293100B1BD99 /* LogInVC.swift */,
				23AA085328C5294600B1BD99 /* LocationVC.swift */,
				23AA085528C5295900B1BD99 /* RegisterVC.swift */,
				23AA085728C5297200B1BD99 /* AccountVC.swift */,
				23AA085928C5298200B1BD99 /* HomeVC.swift */,
				296867DD28BD6FDD00ECA8FB /* HelpWebVC.swift */,
				2398E4282A05FD89001DBAD7 /* InventoryVC.swift */,
			);
			path = Controller;
			sourceTree = "<group>";
		};
/* End PBXGroup section */

/* Begin PBXNativeTarget section */
		290972B928BBC73F0004B925 /* Determit */ = {
			isa = PBXNativeTarget;
			buildConfigurationList = 290972CE28BBC7400004B925 /* Build configuration list for PBXNativeTarget "Determit" */;
			buildPhases = (
				290972B628BBC73F0004B925 /* Sources */,
				290972B728BBC73F0004B925 /* Frameworks */,
				290972B828BBC73F0004B925 /* Resources */,
			);
			buildRules = (
			);
			dependencies = (
			);
			name = Determit;
			packageProductDependencies = (
				296867E028EE970100ECA8FB /* FirebaseAuth */,
			);
			productName = Determit;
			productReference = 290972BA28BBC73F0004B925 /* Determit.app */;
			productType = "com.apple.product-type.application";
		};
/* End PBXNativeTarget section */

/* Begin PBXProject section */
		290972B228BBC73F0004B925 /* Project object */ = {
			isa = PBXProject;
			attributes = {
				LastSwiftUpdateCheck = 1250;
				LastUpgradeCheck = 1250;
				TargetAttributes = {
					290972B928BBC73F0004B925 = {
						CreatedOnToolsVersion = 12.5.1;
					};
				};
			};
			buildConfigurationList = 290972B528BBC73F0004B925 /* Build configuration list for PBXProject "Determit" */;
			compatibilityVersion = "Xcode 9.3";
			developmentRegion = en;
			hasScannedForEncodings = 0;
			knownRegions = (
				en,
				Base,
			);
			mainGroup = 290972B128BBC73F0004B925;
			packageReferences = (
				29396D7B28BBE21C00BC79C1 /* XCRemoteSwiftPackageReference "firebase-ios-sdk" */,
				23A8DF3328C692C700F59941 /* XCRemoteSwiftPackageReference "firebase-ios-sdk" */,
				296867DF28EE970100ECA8FB /* XCRemoteSwiftPackageReference "firebase-ios-sdk" */,
			);
			productRefGroup = 290972BB28BBC73F0004B925 /* Products */;
			projectDirPath = "";
			projectRoot = "";
			targets = (
				290972B928BBC73F0004B925 /* Determit */,
			);
		};
/* End PBXProject section */

/* Begin PBXResourcesBuildPhase section */
		290972B828BBC73F0004B925 /* Resources */ = {
			isa = PBXResourcesBuildPhase;
			buildActionMask = 2147483647;
			files = (
				2966172B2A17B1FD0042D2F9 /* InventoryTableViewCell.xib in Resources */,
				2982BB5B28BBE5C0003CF948 /* GoogleService-Info.plist in Resources */,
				290972C728BBC7400004B925 /* Assets.xcassets in Resources */,
				23A8DF3728C6934F00F59941 /* Launch Screen.storyboard in Resources */,
				23AA085C28C529A300B1BD99 /* Main.storyboard in Resources */,
			);
			runOnlyForDeploymentPostprocessing = 0;
		};
/* End PBXResourcesBuildPhase section */

/* Begin PBXSourcesBuildPhase section */
		290972B628BBC73F0004B925 /* Sources */ = {
			isa = PBXSourcesBuildPhase;
			buildActionMask = 2147483647;
			files = (
				290972C228BBC73F0004B925 /* ViewController.swift in Sources */,
				290972BE28BBC73F0004B925 /* AppDelegate.swift in Sources */,
				23AA085428C5294600B1BD99 /* LocationVC.swift in Sources */,
				23E0F5032975A45B008E2CA2 /* LoadingView.swift in Sources */,
				2398E4272A05E9CD001DBAD7 /* Item.swift in Sources */,
				2305663F2983B5500065403D /* Validation.swift in Sources */,
				23AA085A28C5298200B1BD99 /* HomeVC.swift in Sources */,
				296867DE28BD6FDD00ECA8FB /* HelpWebVC.swift in Sources */,
				2966172A2A17B1FD0042D2F9 /* InventoryTableViewCell.swift in Sources */,
				23AA085228C5293200B1BD99 /* LogInVC.swift in Sources */,
				23E0F5052975A4DF008E2CA2 /* constant.swift in Sources */,
				23AA085828C5297200B1BD99 /* AccountVC.swift in Sources */,
				290972C028BBC73F0004B925 /* SceneDelegate.swift in Sources */,
				23AA085E28C529CB00B1BD99 /* Alert.swift in Sources */,
				2398E4292A05FD89001DBAD7 /* InventoryVC.swift in Sources */,
				23AA085628C5295900B1BD99 /* RegisterVC.swift in Sources */,
				2966172E2A17C5D30042D2F9 /* dataModel.xcdatamodeld in Sources */,
			);
			runOnlyForDeploymentPostprocessing = 0;
		};
/* End PBXSourcesBuildPhase section */

/* Begin XCBuildConfiguration section */
		290972CC28BBC7400004B925 /* Debug */ = {
			isa = XCBuildConfiguration;
			buildSettings = {
				ALWAYS_SEARCH_USER_PATHS = NO;
				CLANG_ANALYZER_NONNULL = YES;
				CLANG_ANALYZER_NUMBER_OBJECT_CONVERSION = YES_AGGRESSIVE;
				CLANG_CXX_LANGUAGE_STANDARD = "gnu++14";
				CLANG_CXX_LIBRARY = "libc++";
				CLANG_ENABLE_MODULES = YES;
				CLANG_ENABLE_OBJC_ARC = YES;
				CLANG_ENABLE_OBJC_WEAK = YES;
				CLANG_WARN_BLOCK_CAPTURE_AUTORELEASING = YES;
				CLANG_WARN_BOOL_CONVERSION = YES;
				CLANG_WARN_COMMA = YES;
				CLANG_WARN_CONSTANT_CONVERSION = YES;
				CLANG_WARN_DEPRECATED_OBJC_IMPLEMENTATIONS = YES;
				CLANG_WARN_DIRECT_OBJC_ISA_USAGE = YES_ERROR;
				CLANG_WARN_DOCUMENTATION_COMMENTS = YES;
				CLANG_WARN_EMPTY_BODY = YES;
				CLANG_WARN_ENUM_CONVERSION = YES;
				CLANG_WARN_INFINITE_RECURSION = YES;
				CLANG_WARN_INT_CONVERSION = YES;
				CLANG_WARN_NON_LITERAL_NULL_CONVERSION = YES;
				CLANG_WARN_OBJC_IMPLICIT_RETAIN_SELF = YES;
				CLANG_WARN_OBJC_LITERAL_CONVERSION = YES;
				CLANG_WARN_OBJC_ROOT_CLASS = YES_ERROR;
				CLANG_WARN_QUOTED_INCLUDE_IN_FRAMEWORK_HEADER = YES;
				CLANG_WARN_RANGE_LOOP_ANALYSIS = YES;
				CLANG_WARN_STRICT_PROTOTYPES = YES;
				CLANG_WARN_SUSPICIOUS_MOVE = YES;
				CLANG_WARN_UNGUARDED_AVAILABILITY = YES_AGGRESSIVE;
				CLANG_WARN_UNREACHABLE_CODE = YES;
				CLANG_WARN__DUPLICATE_METHOD_MATCH = YES;
				COPY_PHASE_STRIP = NO;
				DEBUG_INFORMATION_FORMAT = dwarf;
				ENABLE_STRICT_OBJC_MSGSEND = YES;
				ENABLE_TESTABILITY = YES;
				GCC_C_LANGUAGE_STANDARD = gnu11;
				GCC_DYNAMIC_NO_PIC = NO;
				GCC_NO_COMMON_BLOCKS = YES;
				GCC_OPTIMIZATION_LEVEL = 0;
				GCC_PREPROCESSOR_DEFINITIONS = (
					"DEBUG=1",
					"$(inherited)",
				);
				GCC_WARN_64_TO_32_BIT_CONVERSION = YES;
				GCC_WARN_ABOUT_RETURN_TYPE = YES_ERROR;
				GCC_WARN_UNDECLARED_SELECTOR = YES;
				GCC_WARN_UNINITIALIZED_AUTOS = YES_AGGRESSIVE;
				GCC_WARN_UNUSED_FUNCTION = YES;
				GCC_WARN_UNUSED_VARIABLE = YES;
				IPHONEOS_DEPLOYMENT_TARGET = 14.5;
				MTL_ENABLE_DEBUG_INFO = INCLUDE_SOURCE;
				MTL_FAST_MATH = YES;
				ONLY_ACTIVE_ARCH = YES;
				SDKROOT = iphoneos;
				SWIFT_ACTIVE_COMPILATION_CONDITIONS = DEBUG;
				SWIFT_OPTIMIZATION_LEVEL = "-Onone";
			};
			name = Debug;
		};
		290972CD28BBC7400004B925 /* Release */ = {
			isa = XCBuildConfiguration;
			buildSettings = {
				ALWAYS_SEARCH_USER_PATHS = NO;
				CLANG_ANALYZER_NONNULL = YES;
				CLANG_ANALYZER_NUMBER_OBJECT_CONVERSION = YES_AGGRESSIVE;
				CLANG_CXX_LANGUAGE_STANDARD = "gnu++14";
				CLANG_CXX_LIBRARY = "libc++";
				CLANG_ENABLE_MODULES = YES;
				CLANG_ENABLE_OBJC_ARC = YES;
				CLANG_ENABLE_OBJC_WEAK = YES;
				CLANG_WARN_BLOCK_CAPTURE_AUTORELEASING = YES;
				CLANG_WARN_BOOL_CONVERSION = YES;
				CLANG_WARN_COMMA = YES;
				CLANG_WARN_CONSTANT_CONVERSION = YES;
				CLANG_WARN_DEPRECATED_OBJC_IMPLEMENTATIONS = YES;
				CLANG_WARN_DIRECT_OBJC_ISA_USAGE = YES_ERROR;
				CLANG_WARN_DOCUMENTATION_COMMENTS = YES;
				CLANG_WARN_EMPTY_BODY = YES;
				CLANG_WARN_ENUM_CONVERSION = YES;
				CLANG_WARN_INFINITE_RECURSION = YES;
				CLANG_WARN_INT_CONVERSION = YES;
				CLANG_WARN_NON_LITERAL_NULL_CONVERSION = YES;
				CLANG_WARN_OBJC_IMPLICIT_RETAIN_SELF = YES;
				CLANG_WARN_OBJC_LITERAL_CONVERSION = YES;
				CLANG_WARN_OBJC_ROOT_CLASS = YES_ERROR;
				CLANG_WARN_QUOTED_INCLUDE_IN_FRAMEWORK_HEADER = YES;
				CLANG_WARN_RANGE_LOOP_ANALYSIS = YES;
				CLANG_WARN_STRICT_PROTOTYPES = YES;
				CLANG_WARN_SUSPICIOUS_MOVE = YES;
				CLANG_WARN_UNGUARDED_AVAILABILITY = YES_AGGRESSIVE;
				CLANG_WARN_UNREACHABLE_CODE = YES;
				CLANG_WARN__DUPLICATE_METHOD_MATCH = YES;
				COPY_PHASE_STRIP = NO;
				DEBUG_INFORMATION_FORMAT = "dwarf-with-dsym";
				ENABLE_NS_ASSERTIONS = NO;
				ENABLE_STRICT_OBJC_MSGSEND = YES;
				GCC_C_LANGUAGE_STANDARD = gnu11;
				GCC_NO_COMMON_BLOCKS = YES;
				GCC_WARN_64_TO_32_BIT_CONVERSION = YES;
				GCC_WARN_ABOUT_RETURN_TYPE = YES_ERROR;
				GCC_WARN_UNDECLARED_SELECTOR = YES;
				GCC_WARN_UNINITIALIZED_AUTOS = YES_AGGRESSIVE;
				GCC_WARN_UNUSED_FUNCTION = YES;
				GCC_WARN_UNUSED_VARIABLE = YES;
				IPHONEOS_DEPLOYMENT_TARGET = 14.5;
				MTL_ENABLE_DEBUG_INFO = NO;
				MTL_FAST_MATH = YES;
				SDKROOT = iphoneos;
				SWIFT_COMPILATION_MODE = wholemodule;
				SWIFT_OPTIMIZATION_LEVEL = "-O";
				VALIDATE_PRODUCT = YES;
			};
			name = Release;
		};
		290972CF28BBC7400004B925 /* Debug */ = {
			isa = XCBuildConfiguration;
			buildSettings = {
				ASSETCATALOG_COMPILER_APPICON_NAME = AppIcon;
				ASSETCATALOG_COMPILER_GLOBAL_ACCENT_COLOR_NAME = AccentColor;
				CODE_SIGN_STYLE = Automatic;
				DEVELOPMENT_TEAM = FLMQ8FUJ4T;
				INFOPLIST_FILE = Determit/Info.plist;
				IPHONEOS_DEPLOYMENT_TARGET = 16.2;
				LD_RUNPATH_SEARCH_PATHS = (
					"$(inherited)",
					"@executable_path/Frameworks",
				);
				PRODUCT_BUNDLE_IDENTIFIER = determit.com.Determit;
				PRODUCT_NAME = "$(TARGET_NAME)";
				SWIFT_VERSION = 5.0;
				TARGETED_DEVICE_FAMILY = 1;
			};
			name = Debug;
		};
		290972D028BBC7400004B925 /* Release */ = {
			isa = XCBuildConfiguration;
			buildSettings = {
				ASSETCATALOG_COMPILER_APPICON_NAME = AppIcon;
				ASSETCATALOG_COMPILER_GLOBAL_ACCENT_COLOR_NAME = AccentColor;
				CODE_SIGN_STYLE = Automatic;
				DEVELOPMENT_TEAM = FLMQ8FUJ4T;
				INFOPLIST_FILE = Determit/Info.plist;
				IPHONEOS_DEPLOYMENT_TARGET = 16.2;
				LD_RUNPATH_SEARCH_PATHS = (
					"$(inherited)",
					"@executable_path/Frameworks",
				);
				PRODUCT_BUNDLE_IDENTIFIER = determit.com.Determit;
				PRODUCT_NAME = "$(TARGET_NAME)";
				SWIFT_VERSION = 5.0;
				TARGETED_DEVICE_FAMILY = 1;
			};
			name = Release;
		};
/* End XCBuildConfiguration section */

/* Begin XCConfigurationList section */
		290972B528BBC73F0004B925 /* Build configuration list for PBXProject "Determit" */ = {
			isa = XCConfigurationList;
			buildConfigurations = (
				290972CC28BBC7400004B925 /* Debug */,
				290972CD28BBC7400004B925 /* Release */,
			);
			defaultConfigurationIsVisible = 0;
			defaultConfigurationName = Release;
		};
		290972CE28BBC7400004B925 /* Build configuration list for PBXNativeTarget "Determit" */ = {
			isa = XCConfigurationList;
			buildConfigurations = (
				290972CF28BBC7400004B925 /* Debug */,
				290972D028BBC7400004B925 /* Release */,
			);
			defaultConfigurationIsVisible = 0;
			defaultConfigurationName = Release;
		};
/* End XCConfigurationList section */

/* Begin XCRemoteSwiftPackageReference section */
		23A8DF3328C692C700F59941 /* XCRemoteSwiftPackageReference "firebase-ios-sdk" */ = {
			isa = XCRemoteSwiftPackageReference;
			repositoryURL = "https://github.com/firebase/firebase-ios-sdk";
			requirement = {
				branch = master;
				kind = branch;
			};
		};
		29396D7B28BBE21C00BC79C1 /* XCRemoteSwiftPackageReference "firebase-ios-sdk" */ = {
			isa = XCRemoteSwiftPackageReference;
			repositoryURL = "https://github.com/firebase/firebase-ios-sdk";
			requirement = {
				kind = upToNextMajorVersion;
				minimumVersion = 9.0.0;
			};
		};
		296867DF28EE970100ECA8FB /* XCRemoteSwiftPackageReference "firebase-ios-sdk" */ = {
			isa = XCRemoteSwiftPackageReference;
			repositoryURL = "https://github.com/firebase/firebase-ios-sdk";
			requirement = {
				branch = master;
				kind = branch;
			};
		};
/* End XCRemoteSwiftPackageReference section */

/* Begin XCSwiftPackageProductDependency section */
		296867E028EE970100ECA8FB /* FirebaseAuth */ = {
			isa = XCSwiftPackageProductDependency;
			package = 23A8DF3328C692C700F59941 /* XCRemoteSwiftPackageReference "firebase-ios-sdk" */;
			productName = FirebaseAuth;
		};
/* End XCSwiftPackageProductDependency section */

/* Begin XCVersionGroup section */
		2966172C2A17C5D30042D2F9 /* dataModel.xcdatamodeld */ = {
			isa = XCVersionGroup;
			children = (
				2966172D2A17C5D30042D2F9 /* dataModel.xcdatamodel */,
			);
			currentVersion = 2966172D2A17C5D30042D2F9 /* dataModel.xcdatamodel */;
			path = dataModel.xcdatamodeld;
			sourceTree = "<group>";
			versionGroupType = wrapper.xcdatamodel;
		};
/* End XCVersionGroup section */
	};
	rootObject = 290972B228BBC73F0004B925 /* Project object */;
}
